
Microsoft Visual Studio Solution File, Format Version 12.00
# Visual Studio Version 17
VisualStudioVersion = 17.8.34309.116
MinimumVisualStudioVersion = 10.0.40219.1
Project("{FAE04EC0-301F-11D3-BF4B-00C04F79EFBC}") = "Calc", "Calc\Calc.csproj", "{B2D4E793-B4C7-43CA-977C-7617DA618B68}"
EndProject
Global
	GlobalSection(SolutionConfigurationPlatforms) = preSolution
		Debug|Any CPU = Debug|Any CPU
		Release|Any CPU = Release|Any CPU
	EndGlobalSection
	GlobalSection(ProjectConfigurationPlatforms) = postSolution
		{B2D4E793-B4C7-43CA-977C-7617DA618B68}.Debug|Any CPU.ActiveCfg = Debug|Any CPU
		{B2D4E793-B4C7-43CA-977C-7617DA618B68}.Debug|Any CPU.Build.0 = Debug|Any CPU
		{B2D4E793-B4C7-43CA-977C-7617DA618B68}.Release|Any CPU.ActiveCfg = Release|Any CPU
		{B2D4E793-B4C7-43CA-977C-7617DA618B68}.Release|Any CPU.Build.0 = Release|Any CPU
	EndGlobalSection
	GlobalSection(SolutionProperties) = preSolution
		HideSolutionNode = FALSE
	EndGlobalSection
	GlobalSection(ExtensibilityGlobals) = postSolution
		SolutionGuid = {81949FA8-B68D-4016-A2C8-C512BF781C05}
	EndGlobalSection
EndGlobal
